
Microsoft Visual Studio Solution File, Format Version 12.00
# Visual Studio 2012
Project("{FAE04EC0-301F-11D3-BF4B-00C04F79EFBC}") = "ModuleResults", "ModuleResults.csproj", "{976B6635-FE83-4B6D-A01C-230D5D73796B}"
EndProject
Global
	GlobalSection(SolutionConfigurationPlatforms) = preSolution
		Debug|Any CPU = Debug|Any CPU
		Release|Any CPU = Release|Any CPU
	EndGlobalSection
	GlobalSection(ProjectConfigurationPlatforms) = postSolution
		{976B6635-FE83-4B6D-A01C-230D5D73796B}.Debug|Any CPU.ActiveCfg = Debug|Any CPU
		{976B6635-FE83-4B6D-A01C-230D5D73796B}.Debug|Any CPU.Build.0 = Debug|Any CPU
		{976B6635-FE83-4B6D-A01C-230D5D73796B}.Release|Any CPU.ActiveCfg = Release|Any CPU
		{976B6635-FE83-4B6D-A01C-230D5D73796B}.Release|Any CPU.Build.0 = Release|Any CPU
	EndGlobalSection
	GlobalSection(SolutionProperties) = preSolution
		HideSolutionNode = FALSE
	EndGlobalSection
EndGlobal
